
Microsoft Visual Studio Solution File, Format Version 12.00
# Visual Studio Version 17
VisualStudioVersion = 17.8.34316.72
MinimumVisualStudioVersion = 10.0.40219.1
Project("{9A19103F-16F7-4668-BE54-9A1E7A4F7556}") = "Retro.Domain", "Retro.Domain\Retro.Domain.csproj", "{81805163-2016-49F0-AC6B-D3A539183623}"
EndProject
Project("{FAE04EC0-301F-11D3-BF4B-00C04F79EFBC}") = "Retro.Front", "Retro.Front\Retro.Front\Retro.Front.csproj", "{E4D45ABF-DB82-46AA-BBDD-549694C5130A}"
EndProject
Project("{FAE04EC0-301F-11D3-BF4B-00C04F79EFBC}") = "Retro.Front.Client", "Retro.Front\Retro.Front.Client\Retro.Front.Client.csproj", "{824755E3-2C42-4DAD-B567-9FFA22FA6F18}"
EndProject
Global
	GlobalSection(SolutionConfigurationPlatforms) = preSolution
		Debug|Any CPU = Debug|Any CPU
		Release|Any CPU = Release|Any CPU
	EndGlobalSection
	GlobalSection(ProjectConfigurationPlatforms) = postSolution
		{81805163-2016-49F0-AC6B-D3A539183623}.Debug|Any CPU.ActiveCfg = Debug|Any CPU
		{81805163-2016-49F0-AC6B-D3A539183623}.Debug|Any CPU.Build.0 = Debug|Any CPU
		{81805163-2016-49F0-AC6B-D3A539183623}.Release|Any CPU.ActiveCfg = Release|Any CPU
		{81805163-2016-49F0-AC6B-D3A539183623}.Release|Any CPU.Build.0 = Release|Any CPU
		{E4D45ABF-DB82-46AA-BBDD-549694C5130A}.Debug|Any CPU.ActiveCfg = Debug|Any CPU
		{E4D45ABF-DB82-46AA-BBDD-549694C5130A}.Debug|Any CPU.Build.0 = Debug|Any CPU
		{E4D45ABF-DB82-46AA-BBDD-549694C5130A}.Release|Any CPU.ActiveCfg = Release|Any CPU
		{E4D45ABF-DB82-46AA-BBDD-549694C5130A}.Release|Any CPU.Build.0 = Release|Any CPU
		{824755E3-2C42-4DAD-B567-9FFA22FA6F18}.Debug|Any CPU.ActiveCfg = Debug|Any CPU
		{824755E3-2C42-4DAD-B567-9FFA22FA6F18}.Debug|Any CPU.Build.0 = Debug|Any CPU
		{824755E3-2C42-4DAD-B567-9FFA22FA6F18}.Release|Any CPU.ActiveCfg = Release|Any CPU
		{824755E3-2C42-4DAD-B567-9FFA22FA6F18}.Release|Any CPU.Build.0 = Release|Any CPU
	EndGlobalSection
	GlobalSection(SolutionProperties) = preSolution
		HideSolutionNode = FALSE
	EndGlobalSection
	GlobalSection(ExtensibilityGlobals) = postSolution
		SolutionGuid = {AC014FAD-2797-4E37-B7A7-371623FD2299}
	EndGlobalSection
EndGlobal
